Microsoft Visual Studio Solution File, Format Version 11.00
# Visual Studio 2010
Project("{F184B08F-C81C-45F6-A57F-5ABD9991F28F}") = "VectorElementCustomTitle", "VectorElementCustomTitle\VectorElementCustomTitle.vbproj", "{669355CB-69CD-46EE-88DF-2860499895A0}"
EndProject
Project("{F184B08F-C81C-45F6-A57F-5ABD9991F28F}") = "VectorElementCustomTitle.Web", "VectorElementCustomTitle.Web\VectorElementCustomTitle.Web.vbproj", "{02DDACEB-CF53-4524-A772-8773DF60ACB3}"
EndProject
Global
	GlobalSection(SolutionConfigurationPlatforms) = preSolution
		Debug|Any CPU = Debug|Any CPU
		Release|Any CPU = Release|Any CPU
	EndGlobalSection
	GlobalSection(ProjectConfigurationPlatforms) = postSolution
		{669355CB-69CD-46EE-88DF-2860499895A0}.Debug|Any CPU.ActiveCfg = Debug|Any CPU
		{669355CB-69CD-46EE-88DF-2860499895A0}.Debug|Any CPU.Build.0 = Debug|Any CPU
		{669355CB-69CD-46EE-88DF-2860499895A0}.Release|Any CPU.ActiveCfg = Release|Any CPU
		{669355CB-69CD-46EE-88DF-2860499895A0}.Release|Any CPU.Build.0 = Release|Any CPU
		{02DDACEB-CF53-4524-A772-8773DF60ACB3}.Debug|Any CPU.ActiveCfg = Debug|Any CPU
		{02DDACEB-CF53-4524-A772-8773DF60ACB3}.Debug|Any CPU.Build.0 = Debug|Any CPU
		{02DDACEB-CF53-4524-A772-8773DF60ACB3}.Release|Any CPU.ActiveCfg = Release|Any CPU
		{02DDACEB-CF53-4524-A772-8773DF60ACB3}.Release|Any CPU.Build.0 = Release|Any CPU
	EndGlobalSection
	GlobalSection(SolutionProperties) = preSolution
		HideSolutionNode = FALSE
	EndGlobalSection
EndGlobal
